
Microsoft Visual Studio Solution File, Format Version 12.00
# Visual Studio 15
VisualStudioVersion = 15.0.28307.489
MinimumVisualStudioVersion = 10.0.40219.1
Project("{FAE04EC0-301F-11D3-BF4B-00C04F79EFBC}") = "BricksStore", "BricksStore\BricksStore.csproj", "{0682EED5-F2F2-45D7-BD16-EB99A08CBE5D}"
EndProject
Global
	GlobalSection(SolutionConfigurationPlatforms) = preSolution
		Debug|Any CPU = Debug|Any CPU
		Release|Any CPU = Release|Any CPU
	EndGlobalSection
	GlobalSection(ProjectConfigurationPlatforms) = postSolution
		{0682EED5-F2F2-45D7-BD16-EB99A08CBE5D}.Debug|Any CPU.ActiveCfg = Debug|Any CPU
		{0682EED5-F2F2-45D7-BD16-EB99A08CBE5D}.Debug|Any CPU.Build.0 = Debug|Any CPU
		{0682EED5-F2F2-45D7-BD16-EB99A08CBE5D}.Release|Any CPU.ActiveCfg = Release|Any CPU
		{0682EED5-F2F2-45D7-BD16-EB99A08CBE5D}.Release|Any CPU.Build.0 = Release|Any CPU
	EndGlobalSection
	GlobalSection(SolutionProperties) = preSolution
		HideSolutionNode = FALSE
	EndGlobalSection
	GlobalSection(ExtensibilityGlobals) = postSolution
		SolutionGuid = {DBEBCA91-D3DD-47BF-911F-D292F39EA00A}
	EndGlobalSection
EndGlobal
